
Microsoft Visual Studio Solution File, Format Version 12.00
# Visual Studio Version 17
VisualStudioVersion = 17.0.31903.59
MinimumVisualStudioVersion = 10.0.40219.1
Project("{FAE04EC0-301F-11D3-BF4B-00C04F79EFBC}") = "ProjectP.DataAccess", "ProjectP.DataAccess\ProjectP.DataAccess.csproj", "{3267086D-5C36-4D1D-AA36-58C74470344E}"
EndProject
Project("{FAE04EC0-301F-11D3-BF4B-00C04F79EFBC}") = "ProjectP.API", "ProjectP.API\ProjectP.API.csproj", "{8C5068A9-6ED0-4758-B0D2-EF599F412D86}"
EndProject
Project("{FAE04EC0-301F-11D3-BF4B-00C04F79EFBC}") = "ProjectP.BussinessLogic", "ProjectP.BussinessLogic\ProjectP.BussinessLogic.csproj", "{87C9A5DA-7BB4-A302-1438-9EAFA3A35621}"
EndProject
Global
	GlobalSection(SolutionConfigurationPlatforms) = preSolution
		Debug|Any CPU = Debug|Any CPU
		Debug|x64 = Debug|x64
		Debug|x86 = Debug|x86
		Release|Any CPU = Release|Any CPU
		Release|x64 = Release|x64
		Release|x86 = Release|x86
	EndGlobalSection
	GlobalSection(ProjectConfigurationPlatforms) = postSolution
		{3267086D-5C36-4D1D-AA36-58C74470344E}.Debug|Any CPU.ActiveCfg = Debug|Any CPU
		{3267086D-5C36-4D1D-AA36-58C74470344E}.Debug|Any CPU.Build.0 = Debug|Any CPU
		{3267086D-5C36-4D1D-AA36-58C74470344E}.Debug|x64.ActiveCfg = Debug|Any CPU
		{3267086D-5C36-4D1D-AA36-58C74470344E}.Debug|x64.Build.0 = Debug|Any CPU
		{3267086D-5C36-4D1D-AA36-58C74470344E}.Debug|x86.ActiveCfg = Debug|Any CPU
		{3267086D-5C36-4D1D-AA36-58C74470344E}.Debug|x86.Build.0 = Debug|Any CPU
		{3267086D-5C36-4D1D-AA36-58C74470344E}.Release|Any CPU.ActiveCfg = Release|Any CPU
		{3267086D-5C36-4D1D-AA36-58C74470344E}.Release|Any CPU.Build.0 = Release|Any CPU
		{3267086D-5C36-4D1D-AA36-58C74470344E}.Release|x64.ActiveCfg = Release|Any CPU
		{3267086D-5C36-4D1D-AA36-58C74470344E}.Release|x64.Build.0 = Release|Any CPU
		{3267086D-5C36-4D1D-AA36-58C74470344E}.Release|x86.ActiveCfg = Release|Any CPU
		{3267086D-5C36-4D1D-AA36-58C74470344E}.Release|x86.Build.0 = Release|Any CPU
		{8C5068A9-6ED0-4758-B0D2-EF599F412D86}.Debug|Any CPU.ActiveCfg = Debug|Any CPU
		{8C5068A9-6ED0-4758-B0D2-EF599F412D86}.Debug|Any CPU.Build.0 = Debug|Any CPU
		{8C5068A9-6ED0-4758-B0D2-EF599F412D86}.Debug|x64.ActiveCfg = Debug|Any CPU
		{8C5068A9-6ED0-4758-B0D2-EF599F412D86}.Debug|x64.Build.0 = Debug|Any CPU
		{8C5068A9-6ED0-4758-B0D2-EF599F412D86}.Debug|x86.ActiveCfg = Debug|Any CPU
		{8C5068A9-6ED0-4758-B0D2-EF599F412D86}.Debug|x86.Build.0 = Debug|Any CPU
		{8C5068A9-6ED0-4758-B0D2-EF599F412D86}.Release|Any CPU.ActiveCfg = Release|Any CPU
		{8C5068A9-6ED0-4758-B0D2-EF599F412D86}.Release|Any CPU.Build.0 = Release|Any CPU
		{8C5068A9-6ED0-4758-B0D2-EF599F412D86}.Release|x64.ActiveCfg = Release|Any CPU
		{8C5068A9-6ED0-4758-B0D2-EF599F412D86}.Release|x64.Build.0 = Release|Any CPU
		{8C5068A9-6ED0-4758-B0D2-EF599F412D86}.Release|x86.ActiveCfg = Release|Any CPU
		{8C5068A9-6ED0-4758-B0D2-EF599F412D86}.Release|x86.Build.0 = Release|Any CPU
		{87C9A5DA-7BB4-A302-1438-9EAFA3A35621}.Debug|Any CPU.ActiveCfg = Debug|Any CPU
		{87C9A5DA-7BB4-A302-1438-9EAFA3A35621}.Debug|Any CPU.Build.0 = Debug|Any CPU
		{87C9A5DA-7BB4-A302-1438-9EAFA3A35621}.Debug|x64.ActiveCfg = Debug|Any CPU
		{87C9A5DA-7BB4-A302-1438-9EAFA3A35621}.Debug|x64.Build.0 = Debug|Any CPU
		{87C9A5DA-7BB4-A302-1438-9EAFA3A35621}.Debug|x86.ActiveCfg = Debug|Any CPU
		{87C9A5DA-7BB4-A302-1438-9EAFA3A35621}.Debug|x86.Build.0 = Debug|Any CPU
		{87C9A5DA-7BB4-A302-1438-9EAFA3A35621}.Release|Any CPU.ActiveCfg = Release|Any CPU
		{87C9A5DA-7BB4-A302-1438-9EAFA3A35621}.Release|Any CPU.Build.0 = Release|Any CPU
		{87C9A5DA-7BB4-A302-1438-9EAFA3A35621}.Release|x64.ActiveCfg = Release|Any CPU
		{87C9A5DA-7BB4-A302-1438-9EAFA3A35621}.Release|x64.Build.0 = Release|Any CPU
		{87C9A5DA-7BB4-A302-1438-9EAFA3A35621}.Release|x86.ActiveCfg = Release|Any CPU
		{87C9A5DA-7BB4-A302-1438-9EAFA3A35621}.Release|x86.Build.0 = Release|Any CPU
	EndGlobalSection
	GlobalSection(SolutionProperties) = preSolution
		HideSolutionNode = FALSE
	EndGlobalSection
	GlobalSection(ExtensibilityGlobals) = postSolution
		SolutionGuid = {B904EEDF-1636-4306-8216-A12A58FA7EB1}
	EndGlobalSection
EndGlobal
